
Microsoft Visual Studio Solution File, Format Version 12.00
# Visual Studio Version 16
VisualStudioVersion = 16.0.29519.181
MinimumVisualStudioVersion = 10.0.40219.1
Project("{FAE04EC0-301F-11D3-BF4B-00C04F79EFBC}") = "OnboardingTask", "OnboardingTask\OnboardingTask.csproj", "{5D90BAFD-13F0-417A-93DD-4EF44C0AE7DF}"
EndProject
Global
	GlobalSection(SolutionConfigurationPlatforms) = preSolution
		Debug|Any CPU = Debug|Any CPU
		Release|Any CPU = Release|Any CPU
	EndGlobalSection
	GlobalSection(ProjectConfigurationPlatforms) = postSolution
		{5D90BAFD-13F0-417A-93DD-4EF44C0AE7DF}.Debug|Any CPU.ActiveCfg = Debug|Any CPU
		{5D90BAFD-13F0-417A-93DD-4EF44C0AE7DF}.Debug|Any CPU.Build.0 = Debug|Any CPU
		{5D90BAFD-13F0-417A-93DD-4EF44C0AE7DF}.Release|Any CPU.ActiveCfg = Release|Any CPU
		{5D90BAFD-13F0-417A-93DD-4EF44C0AE7DF}.Release|Any CPU.Build.0 = Release|Any CPU
	EndGlobalSection
	GlobalSection(SolutionProperties) = preSolution
		HideSolutionNode = FALSE
	EndGlobalSection
	GlobalSection(ExtensibilityGlobals) = postSolution
		SolutionGuid = {ED418608-DAFC-4E75-8A8B-B26BE1C36F76}
	EndGlobalSection
EndGlobal
